github.com/davecgh/go-spew v1.1.0/go.mod h1:J7Y8YcW2NihsgmVo/mv3lAwl/skON4iLHjSsI+c5H38=
github.com/easyops-cn/giraffe-micro v0.6.0 h1:2eZ9JBsaLPrUIr82fv2Wr6Iwiy+WchhssSJFHDWNkBo=
github.com/easyops-cn/giraffe-micro v0.6.0/go.mod h1:7imTe/S8zubQJ88AW9GO+SOqQ3MOniiH6aHrVLkivDg=
github.com/easyops-cn/go-proto-giraffe v0.1.2 h1:yg1bMWix8Q7kGG4ttHR0CeyF8uzpaVU5+0to7goB+vM=
github.com/easyops-cn/go-proto-giraffe v0.1.2/go.mod h1:T0Re9wVBu/7qUs/u0NEsmw1q7rTPzP7+bS1lVc+NwGA=
github.com/easyopsapis/easyops-api-go v0.0.0-20191209101223-418346e1f22f h1:vP2myUjoENvqglMl1HsZ/L+Nb+Nnt4JtCNVwNXVfC80=
github.com/easyopsapis/easyops-api-go v0.0.0-20191209101223-418346e1f22f/go.mod h1:TFhPn/aMU6t+pBSRJFaD38BU///kMrg1MdnYz0EiefU=
github.com/easyopsapis/openapi-go v0.0.0-20191210095902-5fcd24ebc1ac h1:Ar0D8xHCA1+Wut2ej0b0O+8sEgpiKMTPQgCDGyTbhuM=
github.com/easyopsapis/openapi-go v0.0.0-20191210095902-5fcd24ebc1ac/go.mod h1:GjGSW9LkimKc8lGR0ZcHs67PdDBEoYoqgIwrGLSMkl4=
github.com/easyopsapis/openapi-go v0.0.0-20191211033123-637f056f9594 h1:pcTbPG98PMg988o4hah35fjmjTgebVFlxlg3FS2Mab0=
github.com/easyopsapis/openapi-go v0.0.0-20191211033123-637f056f9594/go.mod h1:ohOMpDOfmLCzM06IUy40kOgqKhdRi46bi9vjzQQFVfI=
github.com/easyopsapis/openapi-go v0.0.0-20191211041410-d0fa7ad73e76 h1:sgmIYIPFsaeJcrL8ussl+tiRN3pn4tOnYyMHKDOsiU8=
github.com/easyopsapis/openapi-go v0.0.0-20191211041410-d0fa7ad73e76/go.mod h1:pvfNy1aSsi0nEuz2Ggd4Nk3qZOzFBBdvhdQwh0ki3gs=
github.com/go-test/deep v1.0.2/go.mod h1:wGDj63lr65AM2AQyKZd/NYHGb0R+1RLqB8NKt3aSFNA=
github.com/gogo/protobuf v0.0.0-20190730201129-28a6bbf47e48/go.mod h1:SlYgWuQ5SjCEi6WLHjHCa1yvBfUnHcTbrrZtXPKa29o=
github.com/gogo/protobuf v1.2.1 h1:/s5zKNz0uPFCZ5hddgPdo2TK2TVrUNMn0OOX8/aZMTE=
github.com/gogo/protobuf v1.2.1/go.mod h1:hp+jE20tsWTFYpLwKvXlhS1hjn+gTNwPg2I6zVXpSg4=
github.com/gogo/protobuf v1.3.0 h1:G8O7TerXerS4F6sx9OV7/nRfJdnXgHZu/S/7F2SN+UE=
github.com/gogo/protobuf v1.3.0/go.mod h1:SlYgWuQ5SjCEi6WLHjHCa1yvBfUnHcTbrrZtXPKa29o=
github.com/golang/protobuf v1.3.2/go.mod h1:6lQm79b+lXiMfvg/cZm0SGofjICqVBUtrP5yJMmIC1U=
github.com/kisielk/errcheck v1.1.0/go.mod h1:EZBBE59ingxPouuu3KfxchcWSUPOHkagtvWXihfKN4Q=
github.com/kisielk/errcheck v1.2.0/go.mod h1:/BMXB+zMLi60iA8Vv6Ksmxu/1UDYcXs4uQLJ+jE2L00=
github.com/kisielk/gotool v1.0.0/go.mod h1:XhKaO+MFFWcvkIS/tQcRk01m1F5IRFswLeQ+oQHNcck=
github.com/mwitkow/go-proto-validators v0.2.0 h1:F6LFfmgVnfULfaRsQWBbe7F7ocuHCr9+7m+GAeDzNbQ=
github.com/mwitkow/go-proto-validators v0.2.0/go.mod h1:ZfA1hW+UH/2ZHOWvQ3HnQaU0DtnpXu850MZiy+YUgcc=
github.com/pmezard/go-difflib v1.0.0/go.mod h1:iKH77koFhYxTK1pcRnkKkqfTogsbg7gZNVY4sRDYZ/4=
github.com/stretchr/objx v0.1.0/go.mod h1:HFkY916IF+rwdDfMAkV7OtwuqBVzrE8GR6GFx+wExME=
github.com/stretchr/testify v1.3.0/go.mod h1:M5WIy9Dh21IEIfnGCwXGc5bZfKNJtfHm1UVUgZn+9EI=
golang.org/x/tools v0.0.0-20180221164845-07fd8470d635/go.mod h1:n7NCudcB/nEzxVGmLbDWY5pfWTLqBcC2KZ6jyYvM4mQ=
golang.org/x/tools v0.0.0-20181030221726-6c7e314b6563/go.mod h1:n7NCudcB/nEzxVGmLbDWY5pfWTLqBcC2KZ6jyYvM4mQ=
